<Solution>
  <Folder Name="/GitHub.Actions/">
    <File Path=".github\workflows\ci-cd.yml" />
    <File Path="CHANGELOG.md" />
    <File Path=".editorconfig" />
  </Folder>
  <Project Path="WiseAuth.Sample/WiseAuth.Sample.csproj" />
  <Project Path="WiseAuth.UnitTests/WiseAuth.UnitTests.csproj" />
  <Project Path="WiseAuth/WiseAuth.csproj" />
</Solution>
